{
  "nodes": {
    "nixpkgs": {
      "locked": {
        "lastModified": 1601023800,
        "narHash": "sha256-zijoZ/+YgbrMiRMxTq5dYS/ivkX7EMkdgIgy5kk6z+g=",
        "owner": "nixos",
        "repo": "nixpkgs",
        "rev": "b0a587f2efca944665f3cacf43d3e5b936cfd1e1",
        "type": "github"
      },
      "original": {
        "owner": "nixos",
        "ref": "nixos-20.09",
        "repo": "nixpkgs",
        "type": "github"
      }
    },
    "root": {
      "inputs": {
        "nixpkgs": "nixpkgs"
      }
    }
  },
  "root": "root",
  "version": 7
}
